
Microsoft Visual Studio Solution File, Format Version 12.00
# Visual Studio Version 16
VisualStudioVersion = 16.0.30105.148
MinimumVisualStudioVersion = 10.0.40219.1
Project("{FAE04EC0-301F-11D3-BF4B-00C04F79EFBC}") = "UserNamer", "UserNamer\UserNamer.csproj", "{00EC558A-A52D-488E-91B6-FA72C156063A}"
EndProject
Global
	GlobalSection(SolutionConfigurationPlatforms) = preSolution
		Debug|Any CPU = Debug|Any CPU
		Release|Any CPU = Release|Any CPU
	EndGlobalSection
	GlobalSection(ProjectConfigurationPlatforms) = postSolution
		{00EC558A-A52D-488E-91B6-FA72C156063A}.Debug|Any CPU.ActiveCfg = Debug|Any CPU
		{00EC558A-A52D-488E-91B6-FA72C156063A}.Debug|Any CPU.Build.0 = Debug|Any CPU
		{00EC558A-A52D-488E-91B6-FA72C156063A}.Release|Any CPU.ActiveCfg = Release|Any CPU
		{00EC558A-A52D-488E-91B6-FA72C156063A}.Release|Any CPU.Build.0 = Release|Any CPU
	EndGlobalSection
	GlobalSection(SolutionProperties) = preSolution
		HideSolutionNode = FALSE
	EndGlobalSection
	GlobalSection(ExtensibilityGlobals) = postSolution
		SolutionGuid = {35F89B49-6811-4975-8020-31589E68A9BA}
	EndGlobalSection
EndGlobal
